
Microsoft Visual Studio Solution File, Format Version 12.00
# Visual Studio 2012
Project("{FAE04EC0-301F-11D3-BF4B-00C04F79EFBC}") = "HelperLibrary", "HelperLibrary\HelperLibrary.csproj", "{74CA5398-7B85-4E46-8FB9-CE1A0BF4D89F}"
EndProject
Project("{FAE04EC0-301F-11D3-BF4B-00C04F79EFBC}") = "WinForm", "WinForm\WinForm.csproj", "{F2B64BDC-7470-420B-B4A7-6CA8FE1B4586}"
EndProject
Project("{FAE04EC0-301F-11D3-BF4B-00C04F79EFBC}") = "MSUnitTest", "MSUnitTest\MSUnitTest.csproj", "{FF66EE59-DAD6-4FDE-9AD9-D2F04FE7A084}"
EndProject
Project("{FAE04EC0-301F-11D3-BF4B-00C04F79EFBC}") = "NunitTest", "NunitTest\NunitTest.csproj", "{871DF674-A405-47E1-873D-917BD70B1CF3}"
EndProject
Project("{930C7802-8A8C-48F9-8165-68863BCCD9DD}") = "SetupWix", "SetupWix\SetupWix.wixproj", "{E6B3359F-EE5B-4E68-B8BC-742F3A4A5026}"
EndProject
Global
	GlobalSection(SolutionConfigurationPlatforms) = preSolution
		Debug|Any CPU = Debug|Any CPU
		Debug|Mixed Platforms = Debug|Mixed Platforms
		Debug|x86 = Debug|x86
		Release|Any CPU = Release|Any CPU
		Release|Mixed Platforms = Release|Mixed Platforms
		Release|x86 = Release|x86
	EndGlobalSection
	GlobalSection(ProjectConfigurationPlatforms) = postSolution
		{74CA5398-7B85-4E46-8FB9-CE1A0BF4D89F}.Debug|Any CPU.ActiveCfg = Debug|Any CPU
		{74CA5398-7B85-4E46-8FB9-CE1A0BF4D89F}.Debug|Any CPU.Build.0 = Debug|Any CPU
		{74CA5398-7B85-4E46-8FB9-CE1A0BF4D89F}.Debug|Mixed Platforms.ActiveCfg = Debug|Any CPU
		{74CA5398-7B85-4E46-8FB9-CE1A0BF4D89F}.Debug|Mixed Platforms.Build.0 = Debug|Any CPU
		{74CA5398-7B85-4E46-8FB9-CE1A0BF4D89F}.Debug|x86.ActiveCfg = Debug|Any CPU
		{74CA5398-7B85-4E46-8FB9-CE1A0BF4D89F}.Release|Any CPU.ActiveCfg = Release|Any CPU
		{74CA5398-7B85-4E46-8FB9-CE1A0BF4D89F}.Release|Any CPU.Build.0 = Release|Any CPU
		{74CA5398-7B85-4E46-8FB9-CE1A0BF4D89F}.Release|Mixed Platforms.ActiveCfg = Release|Any CPU
		{74CA5398-7B85-4E46-8FB9-CE1A0BF4D89F}.Release|Mixed Platforms.Build.0 = Release|Any CPU
		{74CA5398-7B85-4E46-8FB9-CE1A0BF4D89F}.Release|x86.ActiveCfg = Release|Any CPU
		{F2B64BDC-7470-420B-B4A7-6CA8FE1B4586}.Debug|Any CPU.ActiveCfg = Debug|Any CPU
		{F2B64BDC-7470-420B-B4A7-6CA8FE1B4586}.Debug|Any CPU.Build.0 = Debug|Any CPU
		{F2B64BDC-7470-420B-B4A7-6CA8FE1B4586}.Debug|Mixed Platforms.ActiveCfg = Debug|Any CPU
		{F2B64BDC-7470-420B-B4A7-6CA8FE1B4586}.Debug|Mixed Platforms.Build.0 = Debug|Any CPU
		{F2B64BDC-7470-420B-B4A7-6CA8FE1B4586}.Debug|x86.ActiveCfg = Debug|Any CPU
		{F2B64BDC-7470-420B-B4A7-6CA8FE1B4586}.Release|Any CPU.ActiveCfg = Release|Any CPU
		{F2B64BDC-7470-420B-B4A7-6CA8FE1B4586}.Release|Any CPU.Build.0 = Release|Any CPU
		{F2B64BDC-7470-420B-B4A7-6CA8FE1B4586}.Release|Mixed Platforms.ActiveCfg = Release|Any CPU
		{F2B64BDC-7470-420B-B4A7-6CA8FE1B4586}.Release|Mixed Platforms.Build.0 = Release|Any CPU
		{F2B64BDC-7470-420B-B4A7-6CA8FE1B4586}.Release|x86.ActiveCfg = Release|Any CPU
		{FF66EE59-DAD6-4FDE-9AD9-D2F04FE7A084}.Debug|Any CPU.ActiveCfg = Debug|Any CPU
		{FF66EE59-DAD6-4FDE-9AD9-D2F04FE7A084}.Debug|Any CPU.Build.0 = Debug|Any CPU
		{FF66EE59-DAD6-4FDE-9AD9-D2F04FE7A084}.Debug|Mixed Platforms.ActiveCfg = Debug|Any CPU
		{FF66EE59-DAD6-4FDE-9AD9-D2F04FE7A084}.Debug|Mixed Platforms.Build.0 = Debug|Any CPU
		{FF66EE59-DAD6-4FDE-9AD9-D2F04FE7A084}.Debug|x86.ActiveCfg = Debug|Any CPU
		{FF66EE59-DAD6-4FDE-9AD9-D2F04FE7A084}.Release|Any CPU.ActiveCfg = Release|Any CPU
		{FF66EE59-DAD6-4FDE-9AD9-D2F04FE7A084}.Release|Any CPU.Build.0 = Release|Any CPU
		{FF66EE59-DAD6-4FDE-9AD9-D2F04FE7A084}.Release|Mixed Platforms.ActiveCfg = Release|Any CPU
		{FF66EE59-DAD6-4FDE-9AD9-D2F04FE7A084}.Release|Mixed Platforms.Build.0 = Release|Any CPU
		{FF66EE59-DAD6-4FDE-9AD9-D2F04FE7A084}.Release|x86.ActiveCfg = Release|Any CPU
		{871DF674-A405-47E1-873D-917BD70B1CF3}.Debug|Any CPU.ActiveCfg = Debug|Any CPU
		{871DF674-A405-47E1-873D-917BD70B1CF3}.Debug|Any CPU.Build.0 = Debug|Any CPU
		{871DF674-A405-47E1-873D-917BD70B1CF3}.Debug|Mixed Platforms.ActiveCfg = Debug|Any CPU
		{871DF674-A405-47E1-873D-917BD70B1CF3}.Debug|Mixed Platforms.Build.0 = Debug|Any CPU
		{871DF674-A405-47E1-873D-917BD70B1CF3}.Debug|x86.ActiveCfg = Debug|Any CPU
		{871DF674-A405-47E1-873D-917BD70B1CF3}.Release|Any CPU.ActiveCfg = Release|Any CPU
		{871DF674-A405-47E1-873D-917BD70B1CF3}.Release|Any CPU.Build.0 = Release|Any CPU
		{871DF674-A405-47E1-873D-917BD70B1CF3}.Release|Mixed Platforms.ActiveCfg = Release|Any CPU
		{871DF674-A405-47E1-873D-917BD70B1CF3}.Release|Mixed Platforms.Build.0 = Release|Any CPU
		{871DF674-A405-47E1-873D-917BD70B1CF3}.Release|x86.ActiveCfg = Release|Any CPU
		{E6B3359F-EE5B-4E68-B8BC-742F3A4A5026}.Debug|Any CPU.ActiveCfg = Debug|x86
		{E6B3359F-EE5B-4E68-B8BC-742F3A4A5026}.Debug|Mixed Platforms.ActiveCfg = Debug|x86
		{E6B3359F-EE5B-4E68-B8BC-742F3A4A5026}.Debug|Mixed Platforms.Build.0 = Debug|x86
		{E6B3359F-EE5B-4E68-B8BC-742F3A4A5026}.Debug|x86.ActiveCfg = Debug|x86
		{E6B3359F-EE5B-4E68-B8BC-742F3A4A5026}.Debug|x86.Build.0 = Debug|x86
		{E6B3359F-EE5B-4E68-B8BC-742F3A4A5026}.Release|Any CPU.ActiveCfg = Release|x86
		{E6B3359F-EE5B-4E68-B8BC-742F3A4A5026}.Release|Mixed Platforms.ActiveCfg = Release|x86
		{E6B3359F-EE5B-4E68-B8BC-742F3A4A5026}.Release|Mixed Platforms.Build.0 = Release|x86
		{E6B3359F-EE5B-4E68-B8BC-742F3A4A5026}.Release|x86.ActiveCfg = Release|x86
		{E6B3359F-EE5B-4E68-B8BC-742F3A4A5026}.Release|x86.Build.0 = Release|x86
	EndGlobalSection
	GlobalSection(SolutionProperties) = preSolution
		HideSolutionNode = FALSE
	EndGlobalSection
EndGlobal
